
Microsoft Visual Studio Solution File, Format Version 12.00
# Visual Studio 14
VisualStudioVersion = 14.0.24720.0
MinimumVisualStudioVersion = 10.0.40219.1
Project("{FAE04EC0-301F-11D3-BF4B-00C04F79EFBC}") = "WebAPI_NG_TokenbasedAuth", "WebAPI_NG_TokenbasedAuth\WebAPI_NG_TokenbasedAuth.csproj", "{F86D6530-9644-4182-8C2D-53532473B7CD}"
EndProject
Global
	GlobalSection(SolutionConfigurationPlatforms) = preSolution
		Debug|Any CPU = Debug|Any CPU
		Release|Any CPU = Release|Any CPU
	EndGlobalSection
	GlobalSection(ProjectConfigurationPlatforms) = postSolution
		{F86D6530-9644-4182-8C2D-53532473B7CD}.Debug|Any CPU.ActiveCfg = Debug|Any CPU
		{F86D6530-9644-4182-8C2D-53532473B7CD}.Debug|Any CPU.Build.0 = Debug|Any CPU
		{F86D6530-9644-4182-8C2D-53532473B7CD}.Release|Any CPU.ActiveCfg = Release|Any CPU
		{F86D6530-9644-4182-8C2D-53532473B7CD}.Release|Any CPU.Build.0 = Release|Any CPU
	EndGlobalSection
	GlobalSection(SolutionProperties) = preSolution
		HideSolutionNode = FALSE
	EndGlobalSection
EndGlobal
